
Microsoft Visual Studio Solution File, Format Version 12.00
# Visual Studio Version 16
VisualStudioVersion = 16.0.29806.167
MinimumVisualStudioVersion = 10.0.40219.1
Project("{FAE04EC0-301F-11D3-BF4B-00C04F79EFBC}") = "TeamsTab", "TeamsTab\TeamsTab.csproj", "{9196C074-E0B8-46E4-9446-067B6B89E19D}"
EndProject
Global
	GlobalSection(SolutionConfigurationPlatforms) = preSolution
		Debug|Any CPU = Debug|Any CPU
		Release|Any CPU = Release|Any CPU
	EndGlobalSection
	GlobalSection(ProjectConfigurationPlatforms) = postSolution
		{9196C074-E0B8-46E4-9446-067B6B89E19D}.Debug|Any CPU.ActiveCfg = Debug|Any CPU
		{9196C074-E0B8-46E4-9446-067B6B89E19D}.Debug|Any CPU.Build.0 = Debug|Any CPU
		{9196C074-E0B8-46E4-9446-067B6B89E19D}.Release|Any CPU.ActiveCfg = Release|Any CPU
		{9196C074-E0B8-46E4-9446-067B6B89E19D}.Release|Any CPU.Build.0 = Release|Any CPU
	EndGlobalSection
	GlobalSection(SolutionProperties) = preSolution
		HideSolutionNode = FALSE
	EndGlobalSection
	GlobalSection(ExtensibilityGlobals) = postSolution
		SolutionGuid = {D5A4C444-44F9-40ED-BA6C-2AEFD6B81F71}
	EndGlobalSection
EndGlobal
